
Microsoft Visual Studio Solution File, Format Version 11.00
# Visual Studio 2010
Project("{FAE04EC0-301F-11D3-BF4B-00C04F79EFBC}") = "NumeroExtenso", "NumeroExtenso\NumeroExtenso.csproj", "{DACC9986-4901-4772-88C5-ED2E9C4A6580}"
EndProject
Project("{FAE04EC0-301F-11D3-BF4B-00C04F79EFBC}") = "NumeroExtenso.Test", "NumeroExtenso.Test\NumeroExtenso.Test.csproj", "{B66FDAAB-1099-41CF-A431-59B181C63877}"
EndProject
Global
	GlobalSection(SolutionConfigurationPlatforms) = preSolution
		Debug|Any CPU = Debug|Any CPU
		Release|Any CPU = Release|Any CPU
	EndGlobalSection
	GlobalSection(ProjectConfigurationPlatforms) = postSolution
		{DACC9986-4901-4772-88C5-ED2E9C4A6580}.Debug|Any CPU.ActiveCfg = Debug|Any CPU
		{DACC9986-4901-4772-88C5-ED2E9C4A6580}.Debug|Any CPU.Build.0 = Debug|Any CPU
		{DACC9986-4901-4772-88C5-ED2E9C4A6580}.Release|Any CPU.ActiveCfg = Release|Any CPU
		{DACC9986-4901-4772-88C5-ED2E9C4A6580}.Release|Any CPU.Build.0 = Release|Any CPU
		{B66FDAAB-1099-41CF-A431-59B181C63877}.Debug|Any CPU.ActiveCfg = Debug|Any CPU
		{B66FDAAB-1099-41CF-A431-59B181C63877}.Debug|Any CPU.Build.0 = Debug|Any CPU
		{B66FDAAB-1099-41CF-A431-59B181C63877}.Release|Any CPU.ActiveCfg = Release|Any CPU
		{B66FDAAB-1099-41CF-A431-59B181C63877}.Release|Any CPU.Build.0 = Release|Any CPU
	EndGlobalSection
	GlobalSection(SolutionProperties) = preSolution
		HideSolutionNode = FALSE
	EndGlobalSection
EndGlobal
